{
  "name": "soroban-security-scanner",
  "version": "1.0.0",
  "lockfileVersion": 2,
  "requires": true,
  "packages": {
    "": {
      "name": "soroban-security-scanner",
      "version": "1.0.0",
      "license": "MIT",
      "devDependencies": {
        "eslint": "^8.57.0",
        "prettier": "^3.2.5"
      }
    },
    "node_modules/eslint": {
      "version": "8.57.0",
      "resolved": "https://registry.npmjs.org/eslint/-/eslint-8.57.0.tgz",
      "integrity": "sha512-dZ6+mexnaTIbHWZWv8XduyBDXAv5aK5uFXeix3JdmS3DzKENDDWjO3CjUI99lFyKVBhzt+H3FhMzIYxf4hA0W3Q=="
    },
    "node_modules/prettier": {
      "version": "3.2.5",
      "resolved": "https://registry.npmjs.org/prettier/-/prettier-3.2.5.tgz",
      "integrity": "sha512-3GLA9s0Zt743mIKe44i7083S3zi5++P2IcfQ2TcPq9i5bZt+5FgZ+Y5o8luyXBDKxmhJ3Yb4BnkqNbfExLhZ0A=="
    }
  }
}
